[Filters]
Names=R1_0,R1_1,R2_0,R2_1,R3_0,R4_0,R5_0,ACR traceability to check targets,PRM_FullScope,R5_1,R6_0,R6_1,R7_0,R7_1,R7_2,R8_0_Full_Scope,R8_0_only,R8_1

[R1_0]
IsAnalysis=1
Booleans=1,1,1,1,1,1,1,1,1,1,1,1,1,1,1,1,0,1
IsAnd=1
FilterChildren=0
Cond1=Attribute.DES_Requirements.Target,equal,R1.0,AbstractRequirement
Cond2=Attribute.SYS_Requirements.Target,equal,R1.0,AbstractRequirement
Cond3=Attribute.DES_Requirements.ProjectUse,equal,Applicable,AbstractRequirement
Cond4=Attribute.SYS_Requirements.ProjectUse,equal,TBD,AbstractRequirement
Cond5=Attribute.DES_Requirements.Discipline,contains,SW,AbstractRequirement
Cond6=Attribute.ACR_Module.Target,equal,R01.0,AbstractRequirement
Cond7=Attribute.DES_Requirements.Status,notEqual,Obsolete,AbstractRequirement
Cond8=Attribute.SYS_Requirements.Status,notEqual,Obsolete,AbstractRequirement
Cond9=Attribute.ACR_Module.Status_ALV,contains,agreed,AbstractRequirement
Cond10=Attribute.ACR_Module.Electronics_Mechanics,contains,Electr,AbstractRequirement
Cond11=Attribute.SYS_Requirements.Discipline,contains,SW,AbstractRequirement

[R1_1]
IsAnalysis=1
Booleans=1,1,1,0,1,1,1,1,1,1,1,1,1,1,1,1,0,1
IsAnd=1
FilterChildren=0
Cond1=Attribute.DES_Requirements.Target,contains,R1,AbstractRequirement
Cond2=Attribute.SYS_Requirements.Target,contains,R1,AbstractRequirement
Cond3=Attribute.DES_Requirements.ProjectUse,equal,Applicable,AbstractRequirement
Cond4=Attribute.SYS_Requirements.ProjectUse,equal,TBD,AbstractRequirement
Cond5=Attribute.DES_Requirements.Discipline,contains,SW,AbstractRequirement
Cond6=Attribute.ACR_Module.Target,contains,R01.,AbstractRequirement
Cond7=Attribute.DES_Requirements.Status,notEqual,Obsolete,AbstractRequirement
Cond8=Attribute.SYS_Requirements.Status,notEqual,Obsolete,AbstractRequirement
Cond9=Attribute.ACR_Module.Status_ALV,contains,agreed,AbstractRequirement
Cond10=Attribute.ACR_Module.Electronics_Mechanics,contains,Electr,AbstractRequirement
Cond11=Attribute.SYS_Requirements.Discipline,contains,SW,AbstractRequirement

[R2_0]
IsAnalysis=1
Booleans=1,1,1,1,1,1,1,1,1,1,1,1,1,1,1,1,0,1
IsAnd=1
FilterChildren=0
Cond1=Attribute.DES_Requirements.Target,infEqual,R2.0,AbstractRequirement
Cond2=Attribute.SYS_Requirements.Target,infEqual,R2.0,AbstractRequirement
Cond3=Attribute.DES_Requirements.ProjectUse,equal,Applicable,AbstractRequirement
Cond4=Attribute.DES_Requirements.Discipline,contains,SW,AbstractRequirement
Cond5=Attribute.ACR_Module.Target,infEqual,R02.0,AbstractRequirement
Cond6=Attribute.DES_Requirements.Status,notEqual,Obsolete,AbstractRequirement
Cond7=Attribute.SYS_Requirements.Status,notEqual,Obsolete,AbstractRequirement
Cond8=Attribute.ACR_Module.Status_ALV,contains,agreed,AbstractRequirement
Cond9=Attribute.ACR_Module.Electronics_Mechanics,contains,Electr,AbstractRequirement
Cond10=Attribute.SYS_Requirements.Discipline,contains,SW,AbstractRequirement

[R2_1]
IsAnalysis=1
Booleans=1,1,1,1,1,1,1,1,1,1,1,1,1,1,1,1,0,1
IsAnd=1
FilterChildren=0
Cond1=Attribute.DES_Requirements.Target,infEqual,R2.1,AbstractRequirement
Cond2=Attribute.SYS_Requirements.Target,infEqual,R2.1,AbstractRequirement
Cond3=Attribute.DES_Requirements.ProjectUse,equal,Applicable,AbstractRequirement
Cond4=Attribute.DES_Requirements.Discipline,contains,SW,AbstractRequirement
Cond5=Attribute.ACR_Module.Target,infEqual,R02.1,AbstractRequirement
Cond6=Attribute.DES_Requirements.Status,notEqual,Obsolete,AbstractRequirement
Cond7=Attribute.SYS_Requirements.Status,notEqual,Obsolete,AbstractRequirement
Cond8=Attribute.ACR_Module.Status_ALV,contains,agreed,AbstractRequirement
Cond9=Attribute.ACR_Module.Electronics_Mechanics,contains,Electr,AbstractRequirement
Cond10=Attribute.SYS_Requirements.Discipline,contains,SW,AbstractRequirement

[R3_0]
IsAnalysis=1
Booleans=1,1,1,1,1,1,1,1,1,1,1,1,1,1,1,1,0,1
IsAnd=1
FilterChildren=0
Cond1=Attribute.DES_Requirements.Target,infEqual,R3.0,AbstractRequirement
Cond2=Attribute.SYS_Requirements.Target,infEqual,R3.0,AbstractRequirement
Cond3=Attribute.DES_Requirements.ProjectUse,equal,Applicable,AbstractRequirement
Cond4=Attribute.DES_Requirements.Discipline,contains,SW,AbstractRequirement
Cond5=Attribute.ACR_Module.Target,infEqual,R03.0,AbstractRequirement
Cond6=Attribute.DES_Requirements.Status,notEqual,Obsolete,AbstractRequirement
Cond7=Attribute.SYS_Requirements.Status,notEqual,Obsolete,AbstractRequirement
Cond8=Attribute.ACR_Module.Status_ALV,contains,agreed,AbstractRequirement
Cond9=Attribute.ACR_Module.Electronics_Mechanics,contains,Electr,AbstractRequirement
Cond10=Attribute.SYS_Requirements.Discipline,contains,SW,AbstractRequirement

[R4_0]
IsAnalysis=1
Booleans=1,1,1,1,1,1,1,1,1,1,1,1,1,1,1,1,0,1
IsAnd=1
FilterChildren=0
Cond1=Attribute.DES_Requirements.Target,infEqual,R4.0,AbstractRequirement
Cond2=Attribute.SYS_Requirements.Target,infEqual,R4.0,AbstractRequirement
Cond3=Attribute.DES_Requirements.ProjectUse,equal,Applicable,AbstractRequirement
Cond4=Attribute.DES_Requirements.Discipline,contains,SW,AbstractRequirement
Cond5=Attribute.ACR_Module.Target,infEqual,R04.0,AbstractRequirement
Cond6=Attribute.DES_Requirements.Status,notEqual,Obsolete,AbstractRequirement
Cond7=Attribute.SYS_Requirements.Status,notEqual,Obsolete,AbstractRequirement
Cond8=Attribute.ACR_Module.Status_ALV,contains,agreed,AbstractRequirement
Cond9=Attribute.ACR_Module.Electronics_Mechanics,contains,Electr,AbstractRequirement
Cond10=Attribute.SYS_Requirements.Discipline,contains,SW,AbstractRequirement

[R5_0]
IsAnalysis=1
Booleans=1,1,1,1,1,1,1,1,1,1,1,1,1,1,1,1,0,1
IsAnd=1
FilterChildren=0
Cond1=Attribute.DES_Requirements.Target,infEqual,R5.0,AbstractRequirement
Cond2=Attribute.SYS_Requirements.Target,infEqual,R5.0,AbstractRequirement
Cond3=Attribute.DES_Requirements.ProjectUse,equal,Applicable,AbstractRequirement
Cond4=Attribute.DES_Requirements.Discipline,contains,SW,AbstractRequirement
Cond5=Attribute.ACR_Module.Target,infEqual,R05.0,AbstractRequirement
Cond6=Attribute.DES_Requirements.Status,notEqual,Obsolete,AbstractRequirement
Cond7=Attribute.SYS_Requirements.Status,notEqual,Obsolete,AbstractRequirement
Cond8=Attribute.ACR_Module.System_Project,contains,System,AbstractRequirement
Cond9=Attribute.SYS_Requirements.Discipline,contains,SW,AbstractRequirement

[ACR traceability to check targets]
IsAnalysis=1
Booleans=1,1,1,1,1,1,1,1,1,1,1,1,1,1,1,1,0,1
IsAnd=1
FilterChildren=0
Cond1=Attribute.DES_Requirements.Target,isNotEmpty,R5.0,AbstractRequirement
Cond2=Attribute.SYS_Requirements.Target,isNotEmpty,R5.0,AbstractRequirement
Cond3=Attribute.DES_Requirements.ProjectUse,equal,Applicable,AbstractRequirement
Cond4=Attribute.DES_Requirements.Discipline,contains,SW,AbstractRequirement
Cond5=Attribute.DES_Requirements.Status,notEqual,Obsolete,AbstractRequirement
Cond6=Attribute.SYS_Requirements.Status,notEqual,Obsolete,AbstractRequirement
Cond7=Attribute.ACR_Module.System_Project,contains,System,AbstractRequirement
Cond8=Attribute.SYS_Requirements.Discipline,contains,SW,AbstractRequirement

[PRM_FullScope]
IsAnalysis=1
Booleans=1,1,1,1,1,1,1,1,1,1,1,1,1,1,1,1,0,1
IsAnd=1
FilterChildren=0
Cond1=Attribute.DES_Requirements.Target,isNotEmpty,R5.0,AbstractRequirement
Cond2=Attribute.SYS_Requirements.Target,isNotEmpty,R5.0,AbstractRequirement
Cond3=Attribute.DES_Requirements.ProjectUse,equal,Applicable,AbstractRequirement
Cond4=Attribute.DES_Requirements.Discipline,contains,SW,AbstractRequirement
Cond5=Attribute.ACR_Module.Target,isNotEmpty,R05.0,AbstractRequirement
Cond6=Attribute.DES_Requirements.Status,notEqual,Obsolete,AbstractRequirement
Cond7=Attribute.SYS_Requirements.Status,notEqual,Obsolete,AbstractRequirement
Cond8=Attribute.ACR_Module.System_Project,contains,System,AbstractRequirement
Cond9=Attribute.ACR_Module.Status_ALV,notContains,not,AbstractRequirement

[R5_1]
IsAnalysis=1
Booleans=1,1,1,1,1,1,1,1,1,1,1,1,1,1,1,1,0,1
IsAnd=1
FilterChildren=0
Cond1=Attribute.DES_Requirements.Target,infEqual,R5.1,AbstractRequirement
Cond2=Attribute.SYS_Requirements.Target,infEqual,R5.1,AbstractRequirement
Cond3=Attribute.DES_Requirements.ProjectUse,equal,Applicable,AbstractRequirement
Cond4=Attribute.DES_Requirements.Discipline,contains,SW,AbstractRequirement
Cond5=Attribute.ACR_Module.Target,infEqual,R05.1,AbstractRequirement
Cond6=Attribute.DES_Requirements.Status,notEqual,Obsolete,AbstractRequirement
Cond7=Attribute.SYS_Requirements.Status,notEqual,Obsolete,AbstractRequirement
Cond8=Attribute.ACR_Module.System_Project,contains,System,AbstractRequirement
Cond9=Attribute.SYS_Requirements.Discipline,contains,SW,AbstractRequirement

[R6_0]
IsAnalysis=1
Booleans=1,1,1,1,1,1,1,1,1,1,1,1,1,1,1,1,0,1
IsAnd=1
FilterChildren=0
Cond1=Attribute.DES_Requirements.Target,infEqual,R6.0,AbstractRequirement
Cond2=Attribute.SYS_Requirements.Target,infEqual,R6.0,AbstractRequirement
Cond3=Attribute.DES_Requirements.ProjectUse,equal,Applicable,AbstractRequirement
Cond4=Attribute.DES_Requirements.Discipline,contains,SW,AbstractRequirement
Cond5=Attribute.ACR_Module.Target,infEqual,R06.0,AbstractRequirement
Cond6=Attribute.DES_Requirements.Status,notEqual,Obsolete,AbstractRequirement
Cond7=Attribute.SYS_Requirements.Status,notEqual,Obsolete,AbstractRequirement
Cond8=Attribute.ACR_Module.System_Project,contains,System,AbstractRequirement
Cond9=Attribute.SYS_Requirements.Discipline,contains,SW,AbstractRequirement

[R6_1]
IsAnalysis=1
Booleans=1,1,1,1,1,1,1,1,1,1,1,1,1,1,1,1,0,1
IsAnd=1
FilterChildren=0
Cond1=Attribute.DES_Requirements.Target,infEqual,R6.1,AbstractRequirement
Cond2=Attribute.SYS_Requirements.Target,infEqual,R6.1,AbstractRequirement
Cond3=Attribute.DES_Requirements.ProjectUse,equal,Applicable,AbstractRequirement
Cond4=Attribute.DES_Requirements.Discipline,contains,SW,AbstractRequirement
Cond5=Attribute.ACR_Module.Target,infEqual,R06.1,AbstractRequirement
Cond6=Attribute.DES_Requirements.Status,notEqual,Obsolete,AbstractRequirement
Cond7=Attribute.SYS_Requirements.Status,notEqual,Obsolete,AbstractRequirement
Cond8=Attribute.ACR_Module.System_Project,contains,System,AbstractRequirement
Cond9=Attribute.SYS_Requirements.Discipline,contains,SW,AbstractRequirement

[R7_0]
IsAnalysis=1
Booleans=1,1,1,1,1,1,1,1,1,1,1,1,1,1,1,1,0,1
IsAnd=1
FilterChildren=0
Cond1=Attribute.DES_Requirements.Target,infEqual,R7.0,AbstractRequirement
Cond2=Attribute.SYS_Requirements.Target,infEqual,R7.0,AbstractRequirement
Cond3=Attribute.DES_Requirements.ProjectUse,equal,Applicable,AbstractRequirement
Cond4=Attribute.DES_Requirements.Discipline,contains,SW,AbstractRequirement
Cond5=Attribute.ACR_Module.Target,infEqual,R07.0,AbstractRequirement
Cond6=Attribute.DES_Requirements.Status,notEqual,Obsolete,AbstractRequirement
Cond7=Attribute.SYS_Requirements.Status,notEqual,Obsolete,AbstractRequirement
Cond8=Attribute.ACR_Module.System_Project,contains,System,AbstractRequirement
Cond9=Attribute.SYS_Requirements.Discipline,contains,SW,AbstractRequirement

[R7_1]
IsAnalysis=1
Booleans=1,1,1,1,1,1,1,1,1,1,1,1,1,1,1,1,0,1
IsAnd=1
FilterChildren=0
Cond1=Attribute.DES_Requirements.Target,infEqual,R7.1,AbstractRequirement
Cond2=Attribute.SYS_Requirements.Target,infEqual,R7.1,AbstractRequirement
Cond3=Attribute.DES_Requirements.ProjectUse,equal,Applicable,AbstractRequirement
Cond4=Attribute.DES_Requirements.Discipline,contains,SW,AbstractRequirement
Cond5=Attribute.ACR_Module.Target,infEqual,R07.1,AbstractRequirement
Cond6=Attribute.DES_Requirements.Status,notEqual,Obsolete,AbstractRequirement
Cond7=Attribute.SYS_Requirements.Status,notEqual,Obsolete,AbstractRequirement
Cond8=Attribute.ACR_Module.System_Project,contains,System,AbstractRequirement
Cond9=Attribute.SYS_Requirements.Discipline,contains,SW,AbstractRequirement

[R7_2]
IsAnalysis=1
Booleans=1,1,1,1,1,1,1,1,1,1,1,1,1,1,1,1,0,1
IsAnd=1
FilterChildren=0
Cond1=Attribute.DES_Requirements.Target,infEqual,R7.2,AbstractRequirement
Cond2=Attribute.SYS_Requirements.Target,infEqual,R7.2,AbstractRequirement
Cond3=Attribute.DES_Requirements.ProjectUse,equal,Applicable,AbstractRequirement
Cond4=Attribute.DES_Requirements.Discipline,contains,SW,AbstractRequirement
Cond5=Attribute.ACR_Module.Target,infEqual,R07.2,AbstractRequirement
Cond6=Attribute.DES_Requirements.Status,notEqual,Obsolete,AbstractRequirement
Cond7=Attribute.SYS_Requirements.Status,notEqual,Obsolete,AbstractRequirement
Cond8=Attribute.ACR_Module.System_Project,contains,System,AbstractRequirement
Cond9=Attribute.SYS_Requirements.Discipline,contains,SW,AbstractRequirement

[R8_0_Full_Scope]
IsAnalysis=1
Booleans=1,1,1,1,1,1,1,1,1,1,1,1,1,1,1,1,0,1
IsAnd=1
FilterChildren=0
Cond1=Attribute.DES_Requirements.Target,infEqual,R8.0,AbstractRequirement
Cond2=Attribute.SYS_Requirements.Target,infEqual,R8.0,AbstractRequirement
Cond3=Attribute.DES_Requirements.ProjectUse,equal,Applicable,AbstractRequirement
Cond4=Attribute.DES_Requirements.Discipline,contains,SW,AbstractRequirement
Cond5=Attribute.ACR_Module.Target,infEqual,R08.0,AbstractRequirement
Cond6=Attribute.DES_Requirements.Status,notEqual,Obsolete,AbstractRequirement
Cond7=Attribute.SYS_Requirements.Status,notEqual,Obsolete,AbstractRequirement
Cond8=Attribute.ACR_Module.System_Project,contains,System,AbstractRequirement
Cond9=Attribute.SYS_Requirements.Discipline,contains,SW,AbstractRequirement
Cond10=Attribute.ACR_Module.Electronics_Mechanics,contains,Electronics,AbstractRequirement

[R8_0_only]
IsAnalysis=1
Booleans=1,1,1,1,1,1,1,1,1,1,1,1,1,1,1,1,0,1
IsAnd=1
FilterChildren=0
Cond1=Attribute.DES_Requirements.Target,contains,R8.0,AbstractRequirement
Cond2=Attribute.SYS_Requirements.Target,contains,R8.0,AbstractRequirement
Cond3=Attribute.DES_Requirements.ProjectUse,equal,Applicable,AbstractRequirement
Cond4=Attribute.DES_Requirements.Discipline,contains,SW,AbstractRequirement
Cond5=Attribute.ACR_Module.Target,infEqual,R08.0,AbstractRequirement
Cond6=Attribute.DES_Requirements.Status,notEqual,Obsolete,AbstractRequirement
Cond7=Attribute.SYS_Requirements.Status,notEqual,Obsolete,AbstractRequirement
Cond8=Attribute.ACR_Module.System_Project,contains,System,AbstractRequirement
Cond9=Attribute.SYS_Requirements.Discipline,contains,SW,AbstractRequirement
Cond10=Attribute.ACR_Module.Electronics_Mechanics,contains,Electronics,AbstractRequirement

[R8_1]
IsAnalysis=1
Booleans=1,1,1,1,1,1,1,1,1,1,1,1,1,1,1,1,0,1
IsAnd=1
FilterChildren=0
Cond1=Attribute.DES_Requirements.Target,infEqual,R8.1,AbstractRequirement
Cond2=Attribute.SYS_Requirements.Target,infEqual,R8.1,AbstractRequirement
Cond3=Attribute.DES_Requirements.ProjectUse,equal,Applicable,AbstractRequirement
Cond4=Attribute.DES_Requirements.Discipline,contains,SW,AbstractRequirement
Cond5=Attribute.ACR_Module.Target,infEqual,R08.1,AbstractRequirement
Cond6=Attribute.DES_Requirements.Status,notEqual,Obsolete,AbstractRequirement
Cond7=Attribute.SYS_Requirements.Status,notEqual,Obsolete,AbstractRequirement
Cond8=Attribute.ACR_Module.System_Project,contains,System,AbstractRequirement
Cond9=Attribute.SYS_Requirements.Discipline,contains,SW,AbstractRequirement
