[Filters]
Names=P20,P30,P40

[P20]
IsAnalysis=1
Booleans=1,1,1,1,1,1,1,1,1,1,1,1,1,1,1,1,1,1
Cond1=Attribute.DES_Requirements.Target,equal,P10,AbstractRequirement
Cond2=Attribute.DES_Requirements.Target,equal,P20,AbstractRequirement

[P30]
IsAnalysis=1
Booleans=1,1,1,1,1,1,1,1,1,1,1,1,1,1,1,1,1,1
Cond1=Attribute.DES_Requirements.Target,equal,P10,AbstractRequirement
Cond2=Attribute.DES_Requirements.Target,equal,P20,AbstractRequirement
Cond3=Attribute.DES_Requirements.Target,equal,P30,AbstractRequirement

[P40]
IsAnalysis=1
Booleans=1,1,1,1,1,1,1,1,1,1,1,1,1,1,1,1,1,1
Cond1=Attribute.DES_Requirements.Target,equal,P10,AbstractRequirement
Cond2=Attribute.DES_Requirements.Target,equal,P20,AbstractRequirement
Cond3=Attribute.DES_Requirements.Target,equal,P30,AbstractRequirement
Cond4=Attribute.DES_Requirements.Target,equal,P40,AbstractRequirement
